
Microsoft Visual Studio Solution File, Format Version 12.00
# Visual Studio 2012
Project("{FAE04EC0-301F-11D3-BF4B-00C04F79EFBC}") = "smallpt", "smallpt.csproj", "{22677B81-4874-4C3F-97B4-31D4F7F182F1}"
EndProject
Global
	GlobalSection(SolutionConfigurationPlatforms) = preSolution
		Debug|Any CPU = Debug|Any CPU
		Release|Any CPU = Release|Any CPU
	EndGlobalSection
	GlobalSection(ProjectConfigurationPlatforms) = postSolution
		{22677B81-4874-4C3F-97B4-31D4F7F182F1}.Debug|Any CPU.ActiveCfg = Debug|Any CPU
		{22677B81-4874-4C3F-97B4-31D4F7F182F1}.Debug|Any CPU.Build.0 = Debug|Any CPU
		{22677B81-4874-4C3F-97B4-31D4F7F182F1}.Release|Any CPU.ActiveCfg = Release|Any CPU
		{22677B81-4874-4C3F-97B4-31D4F7F182F1}.Release|Any CPU.Build.0 = Release|Any CPU
	EndGlobalSection
	GlobalSection(SolutionProperties) = preSolution
		HideSolutionNode = FALSE
	EndGlobalSection
EndGlobal
